
Microsoft Visual Studio Solution File, Format Version 12.00
# Visual Studio Version 17
VisualStudioVersion = 17.6.33829.357
MinimumVisualStudioVersion = 10.0.40219.1
Project("{FAE04EC0-301F-11D3-BF4B-00C04F79EFBC}") = "OOPs", "OOPs\OOPs.csproj", "{A39609D4-40B6-4E73-9EDB-6222405C2B2D}"
EndProject
Global
	GlobalSection(SolutionConfigurationPlatforms) = preSolution
		Debug|Any CPU = Debug|Any CPU
		Release|Any CPU = Release|Any CPU
	EndGlobalSection
	GlobalSection(ProjectConfigurationPlatforms) = postSolution
		{A39609D4-40B6-4E73-9EDB-6222405C2B2D}.Debug|Any CPU.ActiveCfg = Debug|Any CPU
		{A39609D4-40B6-4E73-9EDB-6222405C2B2D}.Debug|Any CPU.Build.0 = Debug|Any CPU
		{A39609D4-40B6-4E73-9EDB-6222405C2B2D}.Release|Any CPU.ActiveCfg = Release|Any CPU
		{A39609D4-40B6-4E73-9EDB-6222405C2B2D}.Release|Any CPU.Build.0 = Release|Any CPU
	EndGlobalSection
	GlobalSection(SolutionProperties) = preSolution
		HideSolutionNode = FALSE
	EndGlobalSection
	GlobalSection(ExtensibilityGlobals) = postSolution
		SolutionGuid = {58745718-E878-4C88-A4CB-CA2AA5291227}
	EndGlobalSection
EndGlobal
